
Microsoft Visual Studio Solution File, Format Version 12.00
# Visual Studio Version 16
VisualStudioVersion = 16.0.33927.289
MinimumVisualStudioVersion = 10.0.40219.1
Project("{FAE04EC0-301F-11D3-BF4B-00C04F79EFBC}") = "shifr", "shifr.csproj", "{2433BB6A-E34C-4E2F-815C-202FF78DB8F1}"
EndProject
Project("{2150E333-8FDC-42A3-9474-1A3956D46DE8}") = "Solution Items", "Solution Items", "{EBC89864-44C0-4F22-905B-3E43A18CDCB3}"
EndProject
Global
	GlobalSection(SolutionConfigurationPlatforms) = preSolution
		Debug|Any CPU = Debug|Any CPU
		Release|Any CPU = Release|Any CPU
	EndGlobalSection
	GlobalSection(ProjectConfigurationPlatforms) = postSolution
		{2433BB6A-E34C-4E2F-815C-202FF78DB8F1}.Debug|Any CPU.ActiveCfg = Debug|Any CPU
		{2433BB6A-E34C-4E2F-815C-202FF78DB8F1}.Debug|Any CPU.Build.0 = Debug|Any CPU
		{2433BB6A-E34C-4E2F-815C-202FF78DB8F1}.Release|Any CPU.ActiveCfg = Release|Any CPU
		{2433BB6A-E34C-4E2F-815C-202FF78DB8F1}.Release|Any CPU.Build.0 = Release|Any CPU
	EndGlobalSection
	GlobalSection(SolutionProperties) = preSolution
		HideSolutionNode = FALSE
	EndGlobalSection
	GlobalSection(ExtensibilityGlobals) = postSolution
		SolutionGuid = {685B8AE0-6A11-43BB-A028-447E1117DBBF}
	EndGlobalSection
EndGlobal
